// !$*UTF8*$!
{
	archiveVersion = 1;
	classes = {
	};
	objectVersion = 46;
	objects = {

/* Begin PBXBuildFile section */
		9A6005231A9D5CEE009F95A8 /* Task.m in Sources */ = {isa = PBXBuildFile; fileRef = 9A6005221A9D5CEE009F95A8 /* Task.m */; };
		9A6005241A9D5CEE009F95A8 /* Task.m in Sources */ = {isa = PBXBuildFile; fileRef = 9A6005221A9D5CEE009F95A8 /* Task.m */; };
		9A6141A41A9A594600D688C4 /* rsz_2vertical_rosette_logo_2.png in Resources */ = {isa = PBXBuildFile; fileRef = 9A6141A31A9A594600D688C4 /* rsz_2vertical_rosette_logo_2.png */; };
		D1548E581A98BEFD008BF0F7 /* AppDelegate.swift in Sources */ = {isa = PBXBuildFile; fileRef = D1548E571A98BEFD008BF0F7 /* AppDelegate.swift */; };
		D1548E5D1A98BEFD008BF0F7 /* Main.storyboard in Resources */ = {isa = PBXBuildFile; fileRef = D1548E5B1A98BEFD008BF0F7 /* Main.storyboard */; };
		D1548E621A98BEFD008BF0F7 /* LaunchScreen.xib in Resources */ = {isa = PBXBuildFile; fileRef = D1548E601A98BEFD008BF0F7 /* LaunchScreen.xib */; };
		D1548E6E1A98BEFD008BF0F7 /* Rosette-ABBYY-OCRTests.swift in Sources */ = {isa = PBXBuildFile; fileRef = D1548E6D1A98BEFD008BF0F7 /* Rosette-ABBYY-OCRTests.swift */; };
		D1548E781A98C00D008BF0F7 /* ImageProcessingViewController.swift in Sources */ = {isa = PBXBuildFile; fileRef = D1548E771A98C00D008BF0F7 /* ImageProcessingViewController.swift */; };
		D1B6006A1A9A41C4004A6CC6 /* rsz_3rosette.png in Resources */ = {isa = PBXBuildFile; fileRef = D1B600691A9A41C4004A6CC6 /* rsz_3rosette.png */; };
		D1B6006C1A9A423B004A6CC6 /* rsz_11rosette.png in Resources */ = {isa = PBXBuildFile; fileRef = D1B6006B1A9A423B004A6CC6 /* rsz_11rosette.png */; };
		D1B6006E1A9A4258004A6CC6 /* rsz_21rosette.png in Resources */ = {isa = PBXBuildFile; fileRef = D1B6006D1A9A4258004A6CC6 /* rsz_21rosette.png */; };
		D1B600701A9A4273004A6CC6 /* rsz_31rosette.png in Resources */ = {isa = PBXBuildFile; fileRef = D1B6006F1A9A4273004A6CC6 /* rsz_31rosette.png */; };
		D1B600721A9A4280004A6CC6 /* rsz_41rosette.png in Resources */ = {isa = PBXBuildFile; fileRef = D1B600711A9A4280004A6CC6 /* rsz_41rosette.png */; };
		D1B600741A9A428E004A6CC6 /* rsz_51rosette.png in Resources */ = {isa = PBXBuildFile; fileRef = D1B600731A9A428E004A6CC6 /* rsz_51rosette.png */; };
		D1B600761A9A42A8004A6CC6 /* rsz_61rosette.png in Resources */ = {isa = PBXBuildFile; fileRef = D1B600751A9A42A8004A6CC6 /* rsz_61rosette.png */; };
		D1B600781A9A42B7004A6CC6 /* rsz_71rosette.png in Resources */ = {isa = PBXBuildFile; fileRef = D1B600771A9A42B7004A6CC6 /* rsz_71rosette.png */; };
		D1B6007A1A9A42F6004A6CC6 /* rsz_6rosette.png in Resources */ = {isa = PBXBuildFile; fileRef = D1B600791A9A42F6004A6CC6 /* rsz_6rosette.png */; };
		D1B6007C1A9A4308004A6CC6 /* rsz_7rosette.png in Resources */ = {isa = PBXBuildFile; fileRef = D1B6007B1A9A4308004A6CC6 /* rsz_7rosette.png */; };
		D1B6007E1A9A456A004A6CC6 /* rsz_rsz_7rosette.png in Resources */ = {isa = PBXBuildFile; fileRef = D1B6007D1A9A456A004A6CC6 /* rsz_rsz_7rosette.png */; };
		D1B600801A9A4652004A6CC6 /* rsz_81rosette.png in Resources */ = {isa = PBXBuildFile; fileRef = D1B6007F1A9A4652004A6CC6 /* rsz_81rosette.png */; };
		D1B600821A9A46A7004A6CC6 /* rsz_4rosette.png in Resources */ = {isa = PBXBuildFile; fileRef = D1B600811A9A46A7004A6CC6 /* rsz_4rosette.png */; };
		D1B600841A9A46B2004A6CC6 /* rsz_5rosette.png in Resources */ = {isa = PBXBuildFile; fileRef = D1B600831A9A46B2004A6CC6 /* rsz_5rosette.png */; };
		D1B600861A9A4795004A6CC6 /* vertical rosette logo 2.png in Resources */ = {isa = PBXBuildFile; fileRef = D1B600851A9A4795004A6CC6 /* vertical rosette logo 2.png */; };
		D1B600881A9A479E004A6CC6 /* horizontal rosette logo 2.png in Resources */ = {isa = PBXBuildFile; fileRef = D1B600871A9A479E004A6CC6 /* horizontal rosette logo 2.png */; };
		D1B6008A1A9A47F8004A6CC6 /* rsz_vertical_rosette_logo_2.png in Resources */ = {isa = PBXBuildFile; fileRef = D1B600891A9A47F8004A6CC6 /* rsz_vertical_rosette_logo_2.png */; };
		D1B6008C1A9A48AF004A6CC6 /* rsz_1vertical_rosette_logo_2.png in Resources */ = {isa = PBXBuildFile; fileRef = D1B6008B1A9A48AF004A6CC6 /* rsz_1vertical_rosette_logo_2.png */; };
		D1B600901A9A494B004A6CC6 /* rsz_horizontal_rosette_logo_2.png in Resources */ = {isa = PBXBuildFile; fileRef = D1B6008F1A9A494B004A6CC6 /* rsz_horizontal_rosette_logo_2.png */; };
		D1D155531A99EFA6003E4888 /* Media.xcassets in Resources */ = {isa = PBXBuildFile; fileRef = D1D155521A99EFA6003E4888 /* Media.xcassets */; };
		D1D155691A9A32BC003E4888 /* CustomNavigationController.swift in Sources */ = {isa = PBXBuildFile; fileRef = D1D155681A9A32BC003E4888 /* CustomNavigationController.swift */; };
		D1D1556B1A9A4088003E4888 /* rsz_1rosette.png in Resources */ = {isa = PBXBuildFile; fileRef = D1D1556A1A9A4088003E4888 /* rsz_1rosette.png */; };
		D1D1556D1A9A40BA003E4888 /* rsz_2rosette.png in Resources */ = {isa = PBXBuildFile; fileRef = D1D1556C1A9A40BA003E4888 /* rsz_2rosette.png */; };
/* End PBXBuildFile section */

/* Begin PBXContainerItemProxy section */
		D1548E681A98BEFD008BF0F7 /* PBXContainerItemProxy */ = {
			isa = PBXContainerItemProxy;
			containerPortal = D1548E4A1A98BEFD008BF0F7 /* Project object */;
			proxyType = 1;
			remoteGlobalIDString = D1548E511A98BEFD008BF0F7;
			remoteInfo = Jeeves;
		};
/* End PBXContainerItemProxy section */

/* Begin PBXFileReference section */
		9A60051D1A9D5CB9009F95A8 /* Task.h */ = {isa = PBXFileReference; fileEncoding = 4; lastKnownFileType = sourcecode.c.h; path = Task.h; sourceTree = "<group>"; };
		9A60051E1A9D5CCD009F95A8 /* Rosette-ABBYY-OCR-Bridging-Header.h */ = {isa = PBXFileReference; lastKnownFileType = sourcecode.c.h; path = "Rosette-ABBYY-OCR-Bridging-Header.h"; sourceTree = "<group>"; };
		9A6005221A9D5CEE009F95A8 /* Task.m */ = {isa = PBXFileReference; fileEncoding = 4; lastKnownFileType = sourcecode.c.objc; path = Task.m; sourceTree = "<group>"; };
		9A6141A31A9A594600D688C4 /* rsz_2vertical_rosette_logo_2.png */ = {isa = PBXFileReference; lastKnownFileType = image.png; path = rsz_2vertical_rosette_logo_2.png; sourceTree = "<group>"; };
		D1548E521A98BEFD008BF0F7 /* Rosette-ABBYY-OCR.app */ = {isa = PBXFileReference; explicitFileType = wrapper.application; includeInIndex = 0; path = "Rosette-ABBYY-OCR.app"; sourceTree = BUILT_PRODUCTS_DIR; };
		D1548E561A98BEFD008BF0F7 /* Info.plist */ = {isa = PBXFileReference; lastKnownFileType = text.plist.xml; path = Info.plist; sourceTree = "<group>"; };
		D1548E571A98BEFD008BF0F7 /* AppDelegate.swift */ = {isa = PBXFileReference; lastKnownFileType = sourcecode.swift; path = AppDelegate.swift; sourceTree = "<group>"; };
		D1548E5C1A98BEFD008BF0F7 /* Base */ = {isa = PBXFileReference; lastKnownFileType = file.storyboard; name = Base; path = Base.lproj/Main.storyboard; sourceTree = "<group>"; };
		D1548E611A98BEFD008BF0F7 /* Base */ = {isa = PBXFileReference; lastKnownFileType = file.xib; name = Base; path = Base.lproj/LaunchScreen.xib; sourceTree = "<group>"; };
		D1548E671A98BEFD008BF0F7 /* Rosette-ABBYY-OCRTests.xctest */ = {isa = PBXFileReference; explicitFileType = wrapper.cfbundle; includeInIndex = 0; path = "Rosette-ABBYY-OCRTests.xctest"; sourceTree = BUILT_PRODUCTS_DIR; };
		D1548E6C1A98BEFD008BF0F7 /* Info.plist */ = {isa = PBXFileReference; lastKnownFileType = text.plist.xml; path = Info.plist; sourceTree = "<group>"; };
		D1548E6D1A98BEFD008BF0F7 /* Rosette-ABBYY-OCRTests.swift */ = {isa = PBXFileReference; lastKnownFileType = sourcecode.swift; path = "Rosette-ABBYY-OCRTests.swift"; sourceTree = "<group>"; };
		D1548E771A98C00D008BF0F7 /* ImageProcessingViewController.swift */ = {isa = PBXFileReference; fileEncoding = 4; lastKnownFileType = sourcecode.swift; path = ImageProcessingViewController.swift; sourceTree = "<group>"; };
		D1B600691A9A41C4004A6CC6 /* rsz_3rosette.png */ = {isa = PBXFileReference; lastKnownFileType = image.png; path = rsz_3rosette.png; sourceTree = "<group>"; };
		D1B6006B1A9A423B004A6CC6 /* rsz_11rosette.png */ = {isa = PBXFileReference; lastKnownFileType = image.png; path = rsz_11rosette.png; sourceTree = "<group>"; };
		D1B6006D1A9A4258004A6CC6 /* rsz_21rosette.png */ = {isa = PBXFileReference; lastKnownFileType = image.png; path = rsz_21rosette.png; sourceTree = "<group>"; };
		D1B6006F1A9A4273004A6CC6 /* rsz_31rosette.png */ = {isa = PBXFileReference; lastKnownFileType = image.png; path = rsz_31rosette.png; sourceTree = "<group>"; };
		D1B600711A9A4280004A6CC6 /* rsz_41rosette.png */ = {isa = PBXFileReference; lastKnownFileType = image.png; path = rsz_41rosette.png; sourceTree = "<group>"; };
		D1B600731A9A428E004A6CC6 /* rsz_51rosette.png */ = {isa = PBXFileReference; lastKnownFileType = image.png; path = rsz_51rosette.png; sourceTree = "<group>"; };
		D1B600751A9A42A8004A6CC6 /* rsz_61rosette.png */ = {isa = PBXFileReference; lastKnownFileType = image.png; path = rsz_61rosette.png; sourceTree = "<group>"; };
		D1B600771A9A42B7004A6CC6 /* rsz_71rosette.png */ = {isa = PBXFileReference; lastKnownFileType = image.png; path = rsz_71rosette.png; sourceTree = "<group>"; };
		D1B600791A9A42F6004A6CC6 /* rsz_6rosette.png */ = {isa = PBXFileReference; lastKnownFileType = image.png; path = rsz_6rosette.png; sourceTree = "<group>"; };
		D1B6007B1A9A4308004A6CC6 /* rsz_7rosette.png */ = {isa = PBXFileReference; lastKnownFileType = image.png; path = rsz_7rosette.png; sourceTree = "<group>"; };
		D1B6007D1A9A456A004A6CC6 /* rsz_rsz_7rosette.png */ = {isa = PBXFileReference; lastKnownFileType = image.png; path = rsz_rsz_7rosette.png; sourceTree = "<group>"; };
		D1B6007F1A9A4652004A6CC6 /* rsz_81rosette.png */ = {isa = PBXFileReference; lastKnownFileType = image.png; path = rsz_81rosette.png; sourceTree = "<group>"; };
		D1B600811A9A46A7004A6CC6 /* rsz_4rosette.png */ = {isa = PBXFileReference; lastKnownFileType = image.png; path = rsz_4rosette.png; sourceTree = "<group>"; };
		D1B600831A9A46B2004A6CC6 /* rsz_5rosette.png */ = {isa = PBXFileReference; lastKnownFileType = image.png; path = rsz_5rosette.png; sourceTree = "<group>"; };
		D1B600851A9A4795004A6CC6 /* vertical rosette logo 2.png */ = {isa = PBXFileReference; lastKnownFileType = image.png; path = "vertical rosette logo 2.png"; sourceTree = "<group>"; };
		D1B600871A9A479E004A6CC6 /* horizontal rosette logo 2.png */ = {isa = PBXFileReference; lastKnownFileType = image.png; path = "horizontal rosette logo 2.png"; sourceTree = "<group>"; };
		D1B600891A9A47F8004A6CC6 /* rsz_vertical_rosette_logo_2.png */ = {isa = PBXFileReference; lastKnownFileType = image.png; path = rsz_vertical_rosette_logo_2.png; sourceTree = "<group>"; };
		D1B6008B1A9A48AF004A6CC6 /* rsz_1vertical_rosette_logo_2.png */ = {isa = PBXFileReference; lastKnownFileType = image.png; path = rsz_1vertical_rosette_logo_2.png; sourceTree = "<group>"; };
		D1B6008F1A9A494B004A6CC6 /* rsz_horizontal_rosette_logo_2.png */ = {isa = PBXFileReference; lastKnownFileType = image.png; path = rsz_horizontal_rosette_logo_2.png; sourceTree = "<group>"; };
		D1D155521A99EFA6003E4888 /* Media.xcassets */ = {isa = PBXFileReference; lastKnownFileType = folder.assetcatalog; path = Media.xcassets; sourceTree = "<group>"; };
		D1D155681A9A32BC003E4888 /* CustomNavigationController.swift */ = {isa = PBXFileReference; fileEncoding = 4; lastKnownFileType = sourcecode.swift; path = CustomNavigationController.swift; sourceTree = "<group>"; };
		D1D1556A1A9A4088003E4888 /* rsz_1rosette.png */ = {isa = PBXFileReference; lastKnownFileType = image.png; path = rsz_1rosette.png; sourceTree = "<group>"; };
		D1D1556C1A9A40BA003E4888 /* rsz_2rosette.png */ = {isa = PBXFileReference; lastKnownFileType = image.png; path = rsz_2rosette.png; sourceTree = "<group>"; };
/* End PBXFileReference section */

/* Begin PBXFrameworksBuildPhase section */
		D1548E4F1A98BEFD008BF0F7 /* Frameworks */ = {
			isa = PBXFrameworksBuildPhase;
			buildActionMask = 2147483647;
			files = (
			);
			runOnlyForDeploymentPostprocessing = 0;
		};
		D1548E641A98BEFD008BF0F7 /* Frameworks */ = {
			isa = PBXFrameworksBuildPhase;
			buildActionMask = 2147483647;
			files = (
			);
			runOnlyForDeploymentPostprocessing = 0;
		};
/* End PBXFrameworksBuildPhase section */

/* Begin PBXGroup section */
		D1548E491A98BEFD008BF0F7 = {
			isa = PBXGroup;
			children = (
				D1D155521A99EFA6003E4888 /* Media.xcassets */,
				D1548E541A98BEFD008BF0F7 /* Rosette-ABBYY-OCR */,
				D1548E6A1A98BEFD008BF0F7 /* Rosette-ABBYY-OCRTests */,
				D1548E531A98BEFD008BF0F7 /* Products */,
			);
			sourceTree = "<group>";
		};
		D1548E531A98BEFD008BF0F7 /* Products */ = {
			isa = PBXGroup;
			children = (
				D1548E521A98BEFD008BF0F7 /* Rosette-ABBYY-OCR.app */,
				D1548E671A98BEFD008BF0F7 /* Rosette-ABBYY-OCRTests.xctest */,
			);
			name = Products;
			sourceTree = "<group>";
		};
		D1548E541A98BEFD008BF0F7 /* Rosette-ABBYY-OCR */ = {
			isa = PBXGroup;
			children = (
				D1548E571A98BEFD008BF0F7 /* AppDelegate.swift */,
				D1548E771A98C00D008BF0F7 /* ImageProcessingViewController.swift */,
				D1D155681A9A32BC003E4888 /* CustomNavigationController.swift */,
				D1548E5B1A98BEFD008BF0F7 /* Main.storyboard */,
				D1548E601A98BEFD008BF0F7 /* LaunchScreen.xib */,
				D1548E551A98BEFD008BF0F7 /* Supporting Files */,
				D1B600911A9A4972004A6CC6 /* Images */,
			);
			path = "Rosette-ABBYY-OCR";
			sourceTree = "<group>";
		};
		D1548E551A98BEFD008BF0F7 /* Supporting Files */ = {
			isa = PBXGroup;
			children = (
				9A60051E1A9D5CCD009F95A8 /* Rosette-ABBYY-OCR-Bridging-Header.h */,
				9A60051D1A9D5CB9009F95A8 /* Task.h */,
				9A6005221A9D5CEE009F95A8 /* Task.m */,
				D1548E561A98BEFD008BF0F7 /* Info.plist */,
			);
			name = "Supporting Files";
			sourceTree = "<group>";
		};
		D1548E6A1A98BEFD008BF0F7 /* Rosette-ABBYY-OCRTests */ = {
			isa = PBXGroup;
			children = (
				D1548E6D1A98BEFD008BF0F7 /* Rosette-ABBYY-OCRTests.swift */,
				D1548E6B1A98BEFD008BF0F7 /* Supporting Files */,
			);
			path = "Rosette-ABBYY-OCRTests";
			sourceTree = "<group>";
		};
		D1548E6B1A98BEFD008BF0F7 /* Supporting Files */ = {
			isa = PBXGroup;
			children = (
				D1548E6C1A98BEFD008BF0F7 /* Info.plist */,
			);
			name = "Supporting Files";
			sourceTree = "<group>";
		};
		D1B600911A9A4972004A6CC6 /* Images */ = {
			isa = PBXGroup;
			children = (
				D1B600891A9A47F8004A6CC6 /* rsz_vertical_rosette_logo_2.png */,
				D1B600851A9A4795004A6CC6 /* vertical rosette logo 2.png */,
				D1B600871A9A479E004A6CC6 /* horizontal rosette logo 2.png */,
				D1B6008B1A9A48AF004A6CC6 /* rsz_1vertical_rosette_logo_2.png */,
				D1B6008F1A9A494B004A6CC6 /* rsz_horizontal_rosette_logo_2.png */,
				D1D1556A1A9A4088003E4888 /* rsz_1rosette.png */,
				D1B6006B1A9A423B004A6CC6 /* rsz_11rosette.png */,
				D1D1556C1A9A40BA003E4888 /* rsz_2rosette.png */,
				D1B6006D1A9A4258004A6CC6 /* rsz_21rosette.png */,
				D1B6006F1A9A4273004A6CC6 /* rsz_31rosette.png */,
				D1B600711A9A4280004A6CC6 /* rsz_41rosette.png */,
				D1B600731A9A428E004A6CC6 /* rsz_51rosette.png */,
				D1B600751A9A42A8004A6CC6 /* rsz_61rosette.png */,
				D1B600791A9A42F6004A6CC6 /* rsz_6rosette.png */,
				D1B6007F1A9A4652004A6CC6 /* rsz_81rosette.png */,
				D1B6007B1A9A4308004A6CC6 /* rsz_7rosette.png */,
				D1B600831A9A46B2004A6CC6 /* rsz_5rosette.png */,
				D1B6007D1A9A456A004A6CC6 /* rsz_rsz_7rosette.png */,
				D1B600771A9A42B7004A6CC6 /* rsz_71rosette.png */,
				D1B600691A9A41C4004A6CC6 /* rsz_3rosette.png */,
				9A6141A31A9A594600D688C4 /* rsz_2vertical_rosette_logo_2.png */,
				D1B600811A9A46A7004A6CC6 /* rsz_4rosette.png */,
			);
			name = Images;
			sourceTree = "<group>";
		};
/* End PBXGroup section */

/* Begin PBXNativeTarget section */
		D1548E511A98BEFD008BF0F7 /* Rosette-ABBYY-OCR */ = {
			isa = PBXNativeTarget;
			buildConfigurationList = D1548E711A98BEFD008BF0F7 /* Build configuration list for PBXNativeTarget "Rosette-ABBYY-OCR" */;
			buildPhases = (
				D1548E4E1A98BEFD008BF0F7 /* Sources */,
				D1548E4F1A98BEFD008BF0F7 /* Frameworks */,
				D1548E501A98BEFD008BF0F7 /* Resources */,
			);
			buildRules = (
			);
			dependencies = (
			);
			name = "Rosette-ABBYY-OCR";
			productName = Jeeves;
			productReference = D1548E521A98BEFD008BF0F7 /* Rosette-ABBYY-OCR.app */;
			productType = "com.apple.product-type.application";
		};
		D1548E661A98BEFD008BF0F7 /* Rosette-ABBYY-OCRTests */ = {
			isa = PBXNativeTarget;
			buildConfigurationList = D1548E741A98BEFD008BF0F7 /* Build configuration list for PBXNativeTarget "Rosette-ABBYY-OCRTests" */;
			buildPhases = (
				D1548E631A98BEFD008BF0F7 /* Sources */,
				D1548E641A98BEFD008BF0F7 /* Frameworks */,
				D1548E651A98BEFD008BF0F7 /* Resources */,
			);
			buildRules = (
			);
			dependencies = (
				D1548E691A98BEFD008BF0F7 /* PBXTargetDependency */,
			);
			name = "Rosette-ABBYY-OCRTests";
			productName = JeevesTests;
			productReference = D1548E671A98BEFD008BF0F7 /* Rosette-ABBYY-OCRTests.xctest */;
			productType = "com.apple.product-type.bundle.unit-test";
		};
/* End PBXNativeTarget section */

/* Begin PBXProject section */
		D1548E4A1A98BEFD008BF0F7 /* Project object */ = {
			isa = PBXProject;
			attributes = {
				LastUpgradeCheck = 0610;
				ORGANIZATIONNAME = "S. Roy and Y. Homma";
				TargetAttributes = {
					D1548E511A98BEFD008BF0F7 = {
						CreatedOnToolsVersion = 6.1.1;
					};
					D1548E661A98BEFD008BF0F7 = {
						CreatedOnToolsVersion = 6.1.1;
						TestTargetID = D1548E511A98BEFD008BF0F7;
					};
				};
			};
			buildConfigurationList = D1548E4D1A98BEFD008BF0F7 /* Build configuration list for PBXProject "Rosette-ABBYY-OCR" */;
			compatibilityVersion = "Xcode 3.2";
			developmentRegion = English;
			hasScannedForEncodings = 0;
			knownRegions = (
				en,
				Base,
			);
			mainGroup = D1548E491A98BEFD008BF0F7;
			productRefGroup = D1548E531A98BEFD008BF0F7 /* Products */;
			projectDirPath = "";
			projectRoot = "";
			targets = (
				D1548E511A98BEFD008BF0F7 /* Rosette-ABBYY-OCR */,
				D1548E661A98BEFD008BF0F7 /* Rosette-ABBYY-OCRTests */,
			);
		};
/* End PBXProject section */

/* Begin PBXResourcesBuildPhase section */
		D1548E501A98BEFD008BF0F7 /* Resources */ = {
			isa = PBXResourcesBuildPhase;
			buildActionMask = 2147483647;
			files = (
				D1D1556B1A9A4088003E4888 /* rsz_1rosette.png in Resources */,
				D1B600821A9A46A7004A6CC6 /* rsz_4rosette.png in Resources */,
				D1B600801A9A4652004A6CC6 /* rsz_81rosette.png in Resources */,
				D1548E5D1A98BEFD008BF0F7 /* Main.storyboard in Resources */,
				D1B6008A1A9A47F8004A6CC6 /* rsz_vertical_rosette_logo_2.png in Resources */,
				D1B600901A9A494B004A6CC6 /* rsz_horizontal_rosette_logo_2.png in Resources */,
				D1B6006A1A9A41C4004A6CC6 /* rsz_3rosette.png in Resources */,
				D1B600741A9A428E004A6CC6 /* rsz_51rosette.png in Resources */,
				D1B600861A9A4795004A6CC6 /* vertical rosette logo 2.png in Resources */,
				D1D155531A99EFA6003E4888 /* Media.xcassets in Resources */,
				D1B600841A9A46B2004A6CC6 /* rsz_5rosette.png in Resources */,
				9A6141A41A9A594600D688C4 /* rsz_2vertical_rosette_logo_2.png in Resources */,
				D1B600781A9A42B7004A6CC6 /* rsz_71rosette.png in Resources */,
				D1B6007E1A9A456A004A6CC6 /* rsz_rsz_7rosette.png in Resources */,
				D1B6008C1A9A48AF004A6CC6 /* rsz_1vertical_rosette_logo_2.png in Resources */,
				D1B6006C1A9A423B004A6CC6 /* rsz_11rosette.png in Resources */,
				D1D1556D1A9A40BA003E4888 /* rsz_2rosette.png in Resources */,
				D1B600881A9A479E004A6CC6 /* horizontal rosette logo 2.png in Resources */,
				D1B600701A9A4273004A6CC6 /* rsz_31rosette.png in Resources */,
				D1B600761A9A42A8004A6CC6 /* rsz_61rosette.png in Resources */,
				D1B600721A9A4280004A6CC6 /* rsz_41rosette.png in Resources */,
				D1B6006E1A9A4258004A6CC6 /* rsz_21rosette.png in Resources */,
				D1B6007A1A9A42F6004A6CC6 /* rsz_6rosette.png in Resources */,
				D1B6007C1A9A4308004A6CC6 /* rsz_7rosette.png in Resources */,
				D1548E621A98BEFD008BF0F7 /* LaunchScreen.xib in Resources */,
			);
			runOnlyForDeploymentPostprocessing = 0;
		};
		D1548E651A98BEFD008BF0F7 /* Resources */ = {
			isa = PBXResourcesBuildPhase;
			buildActionMask = 2147483647;
			files = (
			);
			runOnlyForDeploymentPostprocessing = 0;
		};
/* End PBXResourcesBuildPhase section */

/* Begin PBXSourcesBuildPhase section */
		D1548E4E1A98BEFD008BF0F7 /* Sources */ = {
			isa = PBXSourcesBuildPhase;
			buildActionMask = 2147483647;
			files = (
				9A6005231A9D5CEE009F95A8 /* Task.m in Sources */,
				D1D155691A9A32BC003E4888 /* CustomNavigationController.swift in Sources */,
				D1548E781A98C00D008BF0F7 /* ImageProcessingViewController.swift in Sources */,
				D1548E581A98BEFD008BF0F7 /* AppDelegate.swift in Sources */,
			);
			runOnlyForDeploymentPostprocessing = 0;
		};
		D1548E631A98BEFD008BF0F7 /* Sources */ = {
			isa = PBXSourcesBuildPhase;
			buildActionMask = 2147483647;
			files = (
				9A6005241A9D5CEE009F95A8 /* Task.m in Sources */,
				D1548E6E1A98BEFD008BF0F7 /* Rosette-ABBYY-OCRTests.swift in Sources */,
			);
			runOnlyForDeploymentPostprocessing = 0;
		};
/* End PBXSourcesBuildPhase section */

/* Begin PBXTargetDependency section */
		D1548E691A98BEFD008BF0F7 /* PBXTargetDependency */ = {
			isa = PBXTargetDependency;
			target = D1548E511A98BEFD008BF0F7 /* Rosette-ABBYY-OCR */;
			targetProxy = D1548E681A98BEFD008BF0F7 /* PBXContainerItemProxy */;
		};
/* End PBXTargetDependency section */

/* Begin PBXVariantGroup section */
		D1548E5B1A98BEFD008BF0F7 /* Main.storyboard */ = {
			isa = PBXVariantGroup;
			children = (
				D1548E5C1A98BEFD008BF0F7 /* Base */,
			);
			name = Main.storyboard;
			sourceTree = "<group>";
		};
		D1548E601A98BEFD008BF0F7 /* LaunchScreen.xib */ = {
			isa = PBXVariantGroup;
			children = (
				D1548E611A98BEFD008BF0F7 /* Base */,
			);
			name = LaunchScreen.xib;
			sourceTree = "<group>";
		};
/* End PBXVariantGroup section */

/* Begin XCBuildConfiguration section */
		D1548E6F1A98BEFD008BF0F7 /* Debug */ = {
			isa = XCBuildConfiguration;
			buildSettings = {
				ALWAYS_SEARCH_USER_PATHS = NO;
				CLANG_CXX_LANGUAGE_STANDARD = "gnu++0x";
				CLANG_CXX_LIBRARY = "libc++";
				CLANG_ENABLE_MODULES = YES;
				CLANG_ENABLE_OBJC_ARC = YES;
				CLANG_WARN_BOOL_CONVERSION = YES;
				CLANG_WARN_CONSTANT_CONVERSION = YES;
				CLANG_WARN_DIRECT_OBJC_ISA_USAGE = YES_ERROR;
				CLANG_WARN_EMPTY_BODY = YES;
				CLANG_WARN_ENUM_CONVERSION = YES;
				CLANG_WARN_INT_CONVERSION = YES;
				CLANG_WARN_OBJC_ROOT_CLASS = YES_ERROR;
				CLANG_WARN_UNREACHABLE_CODE = YES;
				CLANG_WARN__DUPLICATE_METHOD_MATCH = YES;
				"CODE_SIGN_IDENTITY[sdk=iphoneos*]" = "iPhone Developer";
				COPY_PHASE_STRIP = NO;
				ENABLE_STRICT_OBJC_MSGSEND = YES;
				GCC_C_LANGUAGE_STANDARD = gnu99;
				GCC_DYNAMIC_NO_PIC = NO;
				GCC_OPTIMIZATION_LEVEL = 0;
				GCC_PREPROCESSOR_DEFINITIONS = (
					"DEBUG=1",
					"$(inherited)",
				);
				GCC_SYMBOLS_PRIVATE_EXTERN = NO;
				GCC_WARN_64_TO_32_BIT_CONVERSION = YES;
				GCC_WARN_ABOUT_RETURN_TYPE = YES_ERROR;
				GCC_WARN_UNDECLARED_SELECTOR = YES;
				GCC_WARN_UNINITIALIZED_AUTOS = YES_AGGRESSIVE;
				GCC_WARN_UNUSED_FUNCTION = YES;
				GCC_WARN_UNUSED_VARIABLE = YES;
				IPHONEOS_DEPLOYMENT_TARGET = 8.1;
				MTL_ENABLE_DEBUG_INFO = YES;
				ONLY_ACTIVE_ARCH = YES;
				SDKROOT = iphoneos;
				SWIFT_OPTIMIZATION_LEVEL = "-Onone";
				TARGETED_DEVICE_FAMILY = "1,2";
			};
			name = Debug;
		};
		D1548E701A98BEFD008BF0F7 /* Release */ = {
			isa = XCBuildConfiguration;
			buildSettings = {
				ALWAYS_SEARCH_USER_PATHS = NO;
				CLANG_CXX_LANGUAGE_STANDARD = "gnu++0x";
				CLANG_CXX_LIBRARY = "libc++";
				CLANG_ENABLE_MODULES = YES;
				CLANG_ENABLE_OBJC_ARC = YES;
				CLANG_WARN_BOOL_CONVERSION = YES;
				CLANG_WARN_CONSTANT_CONVERSION = YES;
				CLANG_WARN_DIRECT_OBJC_ISA_USAGE = YES_ERROR;
				CLANG_WARN_EMPTY_BODY = YES;
				CLANG_WARN_ENUM_CONVERSION = YES;
				CLANG_WARN_INT_CONVERSION = YES;
				CLANG_WARN_OBJC_ROOT_CLASS = YES_ERROR;
				CLANG_WARN_UNREACHABLE_CODE = YES;
				CLANG_WARN__DUPLICATE_METHOD_MATCH = YES;
				"CODE_SIGN_IDENTITY[sdk=iphoneos*]" = "iPhone Developer";
				COPY_PHASE_STRIP = YES;
				ENABLE_NS_ASSERTIONS = NO;
				ENABLE_STRICT_OBJC_MSGSEND = YES;
				GCC_C_LANGUAGE_STANDARD = gnu99;
				GCC_WARN_64_TO_32_BIT_CONVERSION = YES;
				GCC_WARN_ABOUT_RETURN_TYPE = YES_ERROR;
				GCC_WARN_UNDECLARED_SELECTOR = YES;
				GCC_WARN_UNINITIALIZED_AUTOS = YES_AGGRESSIVE;
				GCC_WARN_UNUSED_FUNCTION = YES;
				GCC_WARN_UNUSED_VARIABLE = YES;
				IPHONEOS_DEPLOYMENT_TARGET = 8.1;
				MTL_ENABLE_DEBUG_INFO = NO;
				SDKROOT = iphoneos;
				TARGETED_DEVICE_FAMILY = "1,2";
				VALIDATE_PRODUCT = YES;
			};
			name = Release;
		};
		D1548E721A98BEFD008BF0F7 /* Debug */ = {
			isa = XCBuildConfiguration;
			buildSettings = {
				ASSETCATALOG_COMPILER_APPICON_NAME = AppIcon;
				ASSETCATALOG_COMPILER_LAUNCHIMAGE_NAME = LaunchImage;
				CLANG_ENABLE_MODULES = YES;
				INFOPLIST_FILE = "Rosette-ABBYY-OCR/Info.plist";
				LD_RUNPATH_SEARCH_PATHS = "$(inherited) @executable_path/Frameworks";
				PRODUCT_NAME = "Rosette-ABBYY-OCR";
				SWIFT_OBJC_BRIDGING_HEADER = "Rosette-ABBYY-OCR/Rosette-ABBYY-OCR-Bridging-Header.h";
				SWIFT_OPTIMIZATION_LEVEL = "-Onone";
			};
			name = Debug;
		};
		D1548E731A98BEFD008BF0F7 /* Release */ = {
			isa = XCBuildConfiguration;
			buildSettings = {
				ASSETCATALOG_COMPILER_APPICON_NAME = AppIcon;
				ASSETCATALOG_COMPILER_LAUNCHIMAGE_NAME = LaunchImage;
				CLANG_ENABLE_MODULES = YES;
				INFOPLIST_FILE = "Rosette-ABBYY-OCR/Info.plist";
				LD_RUNPATH_SEARCH_PATHS = "$(inherited) @executable_path/Frameworks";
				PRODUCT_NAME = "Rosette-ABBYY-OCR";
				SWIFT_OBJC_BRIDGING_HEADER = "Rosette-ABBYY-OCR/Rosette-ABBYY-OCR-Bridging-Header.h";
			};
			name = Release;
		};
		D1548E751A98BEFD008BF0F7 /* Debug */ = {
			isa = XCBuildConfiguration;
			buildSettings = {
				BUNDLE_LOADER = "$(TEST_HOST)";
				CLANG_ENABLE_MODULES = YES;
				FRAMEWORK_SEARCH_PATHS = (
					"$(SDKROOT)/Developer/Library/Frameworks",
					"$(inherited)",
				);
				GCC_PREPROCESSOR_DEFINITIONS = (
					"DEBUG=1",
					"$(inherited)",
				);
				INFOPLIST_FILE = "Rosette-ABBYY-OCRTests/Info.plist";
				LD_RUNPATH_SEARCH_PATHS = "$(inherited) @executable_path/Frameworks @loader_path/Frameworks";
				PRODUCT_NAME = "Rosette-ABBYY-OCRTests";
				SWIFT_OBJC_BRIDGING_HEADER = "Rosette-ABBYY-OCR/Rosette-ABBYY-OCRTests-Bridging-Header.h";
				SWIFT_OPTIMIZATION_LEVEL = "-Onone";
				TEST_HOST = "$(BUILT_PRODUCTS_DIR)/Jeeves.app/Jeeves";
			};
			name = Debug;
		};
		D1548E761A98BEFD008BF0F7 /* Release */ = {
			isa = XCBuildConfiguration;
			buildSettings = {
				BUNDLE_LOADER = "$(TEST_HOST)";
				CLANG_ENABLE_MODULES = YES;
				FRAMEWORK_SEARCH_PATHS = (
					"$(SDKROOT)/Developer/Library/Frameworks",
					"$(inherited)",
				);
				INFOPLIST_FILE = "Rosette-ABBYY-OCRTests/Info.plist";
				LD_RUNPATH_SEARCH_PATHS = "$(inherited) @executable_path/Frameworks @loader_path/Frameworks";
				PRODUCT_NAME = "Rosette-ABBYY-OCRTests";
				SWIFT_OBJC_BRIDGING_HEADER = "Rosette-ABBYY-OCR/Rosette-ABBYY-OCRTests-Bridging-Header.h";
				TEST_HOST = "$(BUILT_PRODUCTS_DIR)/Jeeves.app/Jeeves";
			};
			name = Release;
		};
/* End XCBuildConfiguration section */

/* Begin XCConfigurationList section */
		D1548E4D1A98BEFD008BF0F7 /* Build configuration list for PBXProject "Rosette-ABBYY-OCR" */ = {
			isa = XCConfigurationList;
			buildConfigurations = (
				D1548E6F1A98BEFD008BF0F7 /* Debug */,
				D1548E701A98BEFD008BF0F7 /* Release */,
			);
			defaultConfigurationIsVisible = 0;
			defaultConfigurationName = Release;
		};
		D1548E711A98BEFD008BF0F7 /* Build configuration list for PBXNativeTarget "Rosette-ABBYY-OCR" */ = {
			isa = XCConfigurationList;
			buildConfigurations = (
				D1548E721A98BEFD008BF0F7 /* Debug */,
				D1548E731A98BEFD008BF0F7 /* Release */,
			);
			defaultConfigurationIsVisible = 0;
			defaultConfigurationName = Release;
		};
		D1548E741A98BEFD008BF0F7 /* Build configuration list for PBXNativeTarget "Rosette-ABBYY-OCRTests" */ = {
			isa = XCConfigurationList;
			buildConfigurations = (
				D1548E751A98BEFD008BF0F7 /* Debug */,
				D1548E761A98BEFD008BF0F7 /* Release */,
			);
			defaultConfigurationIsVisible = 0;
			defaultConfigurationName = Release;
		};
/* End XCConfigurationList section */
	};
	rootObject = D1548E4A1A98BEFD008BF0F7 /* Project object */;
}
